
Microsoft Visual Studio Solution File, Format Version 12.00
# Visual Studio Version 16
VisualStudioVersion = 16.0.31702.278
MinimumVisualStudioVersion = 10.0.40219.1
Project("{FAE04EC0-301F-11D3-BF4B-00C04F79EFBC}") = "Socket_for_Windows", "Socket_for_Windows\Socket_for_Windows.csproj", "{3F0023D0-0BF2-404B-B604-AEF7B0F73CF7}"
EndProject
Global
	GlobalSection(SolutionConfigurationPlatforms) = preSolution
		Debug|Any CPU = Debug|Any CPU
		Release|Any CPU = Release|Any CPU
	EndGlobalSection
	GlobalSection(ProjectConfigurationPlatforms) = postSolution
		{3F0023D0-0BF2-404B-B604-AEF7B0F73CF7}.Debug|Any CPU.ActiveCfg = Debug|Any CPU
		{3F0023D0-0BF2-404B-B604-AEF7B0F73CF7}.Debug|Any CPU.Build.0 = Debug|Any CPU
		{3F0023D0-0BF2-404B-B604-AEF7B0F73CF7}.Release|Any CPU.ActiveCfg = Release|Any CPU
		{3F0023D0-0BF2-404B-B604-AEF7B0F73CF7}.Release|Any CPU.Build.0 = Release|Any CPU
	EndGlobalSection
	GlobalSection(SolutionProperties) = preSolution
		HideSolutionNode = FALSE
	EndGlobalSection
	GlobalSection(ExtensibilityGlobals) = postSolution
		SolutionGuid = {D36BB699-AAEB-4C64-86BB-C7A10F026CC6}
	EndGlobalSection
EndGlobal
